
Microsoft Visual Studio Solution File, Format Version 12.00
# Visual Studio 15
VisualStudioVersion = 15.0.27130.2027
MinimumVisualStudioVersion = 10.0.40219.1
Project("{FAE04EC0-301F-11D3-BF4B-00C04F79EFBC}") = "CalculatorProject", "CalculatorProject\CalculatorProject.csproj", "{B268E255-5DDB-417C-B929-1659B5F28745}"
EndProject
Global
	GlobalSection(SolutionConfigurationPlatforms) = preSolution
		Debug|Any CPU = Debug|Any CPU
		Release|Any CPU = Release|Any CPU
	EndGlobalSection
	GlobalSection(ProjectConfigurationPlatforms) = postSolution
		{B268E255-5DDB-417C-B929-1659B5F28745}.Debug|Any CPU.ActiveCfg = Debug|Any CPU
		{B268E255-5DDB-417C-B929-1659B5F28745}.Debug|Any CPU.Build.0 = Debug|Any CPU
		{B268E255-5DDB-417C-B929-1659B5F28745}.Release|Any CPU.ActiveCfg = Release|Any CPU
		{B268E255-5DDB-417C-B929-1659B5F28745}.Release|Any CPU.Build.0 = Release|Any CPU
	EndGlobalSection
	GlobalSection(SolutionProperties) = preSolution
		HideSolutionNode = FALSE
	EndGlobalSection
	GlobalSection(ExtensibilityGlobals) = postSolution
		SolutionGuid = {886A2FA0-2CD6-4D21-9F6D-6B4D390E4559}
	EndGlobalSection
EndGlobal
